{
  "name": "languageai",
  "lockfileVersion": 3,
  "requires": true,
  "packages": {
    "": {
      "dependencies": {
        "@vercel/analytics": "^1.1.3"
      }
    },
    "node_modules/@vercel/analytics": {
      "version": "1.1.3",
      "resolved": "https://registry.npmjs.org/@vercel/analytics/-/analytics-1.1.3.tgz",
      "integrity": "sha512-Z0l0y8TnUnnxr+on7oIMB9qQOoSJIniYMzUng6+NU8VVDkZ+kt2QGD5hzODwsuiRJAsjW528iUEtbWCEGkSCCg==",
      "dependencies": {
        "server-only": "^0.0.1"
      }
    },
    "node_modules/server-only": {
      "version": "0.0.1",
      "resolved": "https://registry.npmjs.org/server-only/-/server-only-0.0.1.tgz",
      "integrity": "sha512-qepMx2JxAa5jjfzxG79yPPq+8BuFToHd1hm7kI+Z4zAq1ftQiP7HcxMhDDItrbtwVeLg/cY2JnKnrcFkmiswNA=="
    }
  }
}
